
Microsoft Visual Studio Solution File, Format Version 12.00
# Visual Studio Version 16
VisualStudioVersion = 16.0.32630.194
MinimumVisualStudioVersion = 10.0.40219.1
Project("{FAE04EC0-301F-11D3-BF4B-00C04F79EFBC}") = "EmpWageArrayInheritance", "EmpWageArrayInheritance\EmpWageArrayInheritance.csproj", "{9F19ED75-12BB-472B-BAAB-CF06B46F6243}"
EndProject
Global
	GlobalSection(SolutionConfigurationPlatforms) = preSolution
		Debug|Any CPU = Debug|Any CPU
		Release|Any CPU = Release|Any CPU
	EndGlobalSection
	GlobalSection(ProjectConfigurationPlatforms) = postSolution
		{9F19ED75-12BB-472B-BAAB-CF06B46F6243}.Debug|Any CPU.ActiveCfg = Debug|Any CPU
		{9F19ED75-12BB-472B-BAAB-CF06B46F6243}.Debug|Any CPU.Build.0 = Debug|Any CPU
		{9F19ED75-12BB-472B-BAAB-CF06B46F6243}.Release|Any CPU.ActiveCfg = Release|Any CPU
		{9F19ED75-12BB-472B-BAAB-CF06B46F6243}.Release|Any CPU.Build.0 = Release|Any CPU
	EndGlobalSection
	GlobalSection(SolutionProperties) = preSolution
		HideSolutionNode = FALSE
	EndGlobalSection
	GlobalSection(ExtensibilityGlobals) = postSolution
		SolutionGuid = {88F3BAC1-ADF1-4996-A47E-C08F4C7C5A28}
	EndGlobalSection
EndGlobal
